{
  "requires": true,
  "lockfileVersion": 1,
  "dependencies": {
    "ckeditor5-imgur-uploader": {
      "version": "0.0.1",
      "resolved": "https://registry.npmjs.org/ckeditor5-imgur-uploader/-/ckeditor5-imgur-uploader-0.0.1.tgz",
      "integrity": "sha512-9Xl4YfySzExCSmWOxNWvhyTGeE6Qd7W2qRoV+GA+3dsmhWcbEgveuelqa2rKQx4d0eRTbn97KucSYcssNiUA8Q=="
    }
  }
}
